
Microsoft Visual Studio Solution File, Format Version 12.00
# Visual Studio Version 17
VisualStudioVersion = 17.0.32014.148
MinimumVisualStudioVersion = 10.0.40219.1
Project("{FAE04EC0-301F-11D3-BF4B-00C04F79EFBC}") = "HEAL.NonlinearRegression", "HEAL.NonlinearRegression\HEAL.NonlinearRegression.csproj", "{DA3578B3-D8AB-46F9-B7D9-B18E57B6582D}"
EndProject
Project("{FAE04EC0-301F-11D3-BF4B-00C04F79EFBC}") = "Demo", "Demo\Demo.csproj", "{B16D656E-EC8C-4156-B497-DC5D8205E70A}"
EndProject
Global
	GlobalSection(SolutionConfigurationPlatforms) = preSolution
		Debug|Any CPU = Debug|Any CPU
		Release|Any CPU = Release|Any CPU
	EndGlobalSection
	GlobalSection(ProjectConfigurationPlatforms) = postSolution
		{DA3578B3-D8AB-46F9-B7D9-B18E57B6582D}.Debug|Any CPU.ActiveCfg = Debug|Any CPU
		{DA3578B3-D8AB-46F9-B7D9-B18E57B6582D}.Debug|Any CPU.Build.0 = Debug|Any CPU
		{DA3578B3-D8AB-46F9-B7D9-B18E57B6582D}.Release|Any CPU.ActiveCfg = Release|Any CPU
		{DA3578B3-D8AB-46F9-B7D9-B18E57B6582D}.Release|Any CPU.Build.0 = Release|Any CPU
		{B16D656E-EC8C-4156-B497-DC5D8205E70A}.Debug|Any CPU.ActiveCfg = Debug|Any CPU
		{B16D656E-EC8C-4156-B497-DC5D8205E70A}.Debug|Any CPU.Build.0 = Debug|Any CPU
		{B16D656E-EC8C-4156-B497-DC5D8205E70A}.Release|Any CPU.ActiveCfg = Release|Any CPU
		{B16D656E-EC8C-4156-B497-DC5D8205E70A}.Release|Any CPU.Build.0 = Release|Any CPU
	EndGlobalSection
	GlobalSection(SolutionProperties) = preSolution
		HideSolutionNode = FALSE
	EndGlobalSection
	GlobalSection(ExtensibilityGlobals) = postSolution
		SolutionGuid = {C7960AE2-7887-470B-8B43-960CF9203B33}
	EndGlobalSection
EndGlobal
