
Microsoft Visual Studio Solution File, Format Version 12.00
# Visual Studio Version 17
VisualStudioVersion = 17.0.32014.148
MinimumVisualStudioVersion = 10.0.40219.1
Project("{9A19103F-16F7-4668-BE54-9A1E7A4F7556}") = "HEAL.NonlinearRegression", "HEAL.NonlinearRegression\HEAL.NonlinearRegression.csproj", "{DA3578B3-D8AB-46F9-B7D9-B18E57B6582D}"
EndProject
Project("{9A19103F-16F7-4668-BE54-9A1E7A4F7556}") = "HEAL.Expressions", "HEAL.Expressions\HEAL.Expressions.csproj", "{2A8FA08F-1A7E-4C81-AD26-B53A10FA43A5}"
EndProject
Project("{9A19103F-16F7-4668-BE54-9A1E7A4F7556}") = "HEAL.Expressions.Tests", "HEAL.Expressions.Tests\HEAL.Expressions.Tests.csproj", "{E4038C15-7FCC-45D1-87AE-38B15281BD22}"
EndProject
Project("{9A19103F-16F7-4668-BE54-9A1E7A4F7556}") = "HEAL.NonlinearRegression.Console", "HEAL.NonlinearRegression.Console\HEAL.NonlinearRegression.Console.csproj", "{35BAEC63-4A88-4653-9FB0-23FF40B65AB0}"
EndProject
Project("{9A19103F-16F7-4668-BE54-9A1E7A4F7556}") = "HEAL.NonlinearRegression.Console.Tests", "HEAL.NonlinearRegression.Console.Tests\HEAL.NonlinearRegression.Console.Tests.csproj", "{0BE7E9C3-03AD-4391-8B1F-8EF6D1F32571}"
EndProject
Project("{FAE04EC0-301F-11D3-BF4B-00C04F79EFBC}") = "HEAL.Expressions.Benchmark", "HEAL.Expressions.Benchmark\HEAL.Expressions.Benchmark.csproj", "{BF16618A-70F0-4E47-94CD-D84E8E6172C7}"
EndProject
Global
	GlobalSection(SolutionConfigurationPlatforms) = preSolution
		Debug|Any CPU = Debug|Any CPU
		Release|Any CPU = Release|Any CPU
	EndGlobalSection
	GlobalSection(ProjectConfigurationPlatforms) = postSolution
		{DA3578B3-D8AB-46F9-B7D9-B18E57B6582D}.Debug|Any CPU.ActiveCfg = Debug|Any CPU
		{DA3578B3-D8AB-46F9-B7D9-B18E57B6582D}.Debug|Any CPU.Build.0 = Debug|Any CPU
		{DA3578B3-D8AB-46F9-B7D9-B18E57B6582D}.Release|Any CPU.ActiveCfg = Release|Any CPU
		{DA3578B3-D8AB-46F9-B7D9-B18E57B6582D}.Release|Any CPU.Build.0 = Release|Any CPU
		{2A8FA08F-1A7E-4C81-AD26-B53A10FA43A5}.Debug|Any CPU.ActiveCfg = Debug|Any CPU
		{2A8FA08F-1A7E-4C81-AD26-B53A10FA43A5}.Debug|Any CPU.Build.0 = Debug|Any CPU
		{2A8FA08F-1A7E-4C81-AD26-B53A10FA43A5}.Release|Any CPU.ActiveCfg = Release|Any CPU
		{2A8FA08F-1A7E-4C81-AD26-B53A10FA43A5}.Release|Any CPU.Build.0 = Release|Any CPU
		{E4038C15-7FCC-45D1-87AE-38B15281BD22}.Debug|Any CPU.ActiveCfg = Debug|Any CPU
		{E4038C15-7FCC-45D1-87AE-38B15281BD22}.Debug|Any CPU.Build.0 = Debug|Any CPU
		{E4038C15-7FCC-45D1-87AE-38B15281BD22}.Release|Any CPU.ActiveCfg = Release|Any CPU
		{E4038C15-7FCC-45D1-87AE-38B15281BD22}.Release|Any CPU.Build.0 = Release|Any CPU
		{35BAEC63-4A88-4653-9FB0-23FF40B65AB0}.Debug|Any CPU.ActiveCfg = Debug|Any CPU
		{35BAEC63-4A88-4653-9FB0-23FF40B65AB0}.Debug|Any CPU.Build.0 = Debug|Any CPU
		{35BAEC63-4A88-4653-9FB0-23FF40B65AB0}.Release|Any CPU.ActiveCfg = Release|Any CPU
		{35BAEC63-4A88-4653-9FB0-23FF40B65AB0}.Release|Any CPU.Build.0 = Release|Any CPU
		{0BE7E9C3-03AD-4391-8B1F-8EF6D1F32571}.Debug|Any CPU.ActiveCfg = Debug|Any CPU
		{0BE7E9C3-03AD-4391-8B1F-8EF6D1F32571}.Debug|Any CPU.Build.0 = Debug|Any CPU
		{0BE7E9C3-03AD-4391-8B1F-8EF6D1F32571}.Release|Any CPU.ActiveCfg = Release|Any CPU
		{0BE7E9C3-03AD-4391-8B1F-8EF6D1F32571}.Release|Any CPU.Build.0 = Release|Any CPU
		{BF16618A-70F0-4E47-94CD-D84E8E6172C7}.Debug|Any CPU.ActiveCfg = Debug|Any CPU
		{BF16618A-70F0-4E47-94CD-D84E8E6172C7}.Debug|Any CPU.Build.0 = Debug|Any CPU
		{BF16618A-70F0-4E47-94CD-D84E8E6172C7}.Release|Any CPU.ActiveCfg = Release|Any CPU
		{BF16618A-70F0-4E47-94CD-D84E8E6172C7}.Release|Any CPU.Build.0 = Release|Any CPU
	EndGlobalSection
	GlobalSection(SolutionProperties) = preSolution
		HideSolutionNode = FALSE
	EndGlobalSection
	GlobalSection(ExtensibilityGlobals) = postSolution
		SolutionGuid = {C7960AE2-7887-470B-8B43-960CF9203B33}
	EndGlobalSection
EndGlobal
